
Microsoft Visual Studio Solution File, Format Version 12.00
# Visual Studio Version 17
VisualStudioVersion = 17.9.34902.65
MinimumVisualStudioVersion = 10.0.40219.1
Project("{9A19103F-16F7-4668-BE54-9A1E7A4F7556}") = "DetectionRangeEstimation", "DetectionRangeEstimation.csproj", "{07CA35EE-64FE-454A-808D-00A4425B45DD}"
EndProject
Global
	GlobalSection(SolutionConfigurationPlatforms) = preSolution
		Debug|Any CPU = Debug|Any CPU
		Release|Any CPU = Release|Any CPU
	EndGlobalSection
	GlobalSection(ProjectConfigurationPlatforms) = postSolution
		{07CA35EE-64FE-454A-808D-00A4425B45DD}.Debug|Any CPU.ActiveCfg = Debug|Any CPU
		{07CA35EE-64FE-454A-808D-00A4425B45DD}.Debug|Any CPU.Build.0 = Debug|Any CPU
		{07CA35EE-64FE-454A-808D-00A4425B45DD}.Release|Any CPU.ActiveCfg = Release|Any CPU
		{07CA35EE-64FE-454A-808D-00A4425B45DD}.Release|Any CPU.Build.0 = Release|Any CPU
	EndGlobalSection
	GlobalSection(SolutionProperties) = preSolution
		HideSolutionNode = FALSE
	EndGlobalSection
	GlobalSection(ExtensibilityGlobals) = postSolution
		SolutionGuid = {0A14F8FF-D558-4473-ADF0-69C852718CCA}
	EndGlobalSection
EndGlobal
